get_interconnect_data:
  cmd: python scripts/get_interconnect_data.py data/esod_data.csv
  deps:
  - path: scripts/get_interconnect_data.py
    md5: 6058c721abc0a4494b70918ad8b63a57
    size: 6964
  outs:
  - path: data/esod_data.csv
    md5: dc2aa41940b11e102fca265fe3d31268
    size: 124139453
get_uscrn_data:
  cmd: python scripts/get_uscrn_data.py data/uscrn_combined.csv -v
  deps:
  - path: scripts/get_uscrn_data.py
    md5: fc925e67f99a27e1800f687dbce955ca
    size: 4591
  outs:
  - path: data/uscrn_combined.csv
    md5: 98db5313ef969d48caa0f70a30a82772
    size: 25957589
get_power_plant_data:
  cmd: python scripts/get_power_plant_data.py data/balancing_authority_reference.csv
    data/solar_power.csv data/wind_power.csv -v
  deps:
  - path: data/balancing_authority_reference.csv
    md5: 2ee840e9178ce3049a95bf5bff1e5d00
    size: 4756
  - path: scripts/get_power_plant_data.py
    md5: 94cbadc916a5d3912e689a2a6ec68b72
    size: 3224
  outs:
  - path: data/solar_power.csv
    md5: b1555dcd04577c0d68e40c026e7c4d18
    size: 157555
  - path: data/wind_power.csv
    md5: bb3f9972f118f4f3e37e0f22a469c257
    size: 53312
get_weighted_solar:
  cmd: python scripts/gen_weighted_solar.py data/solar_power.csv data/uscrn_combined.csv
    data/weighted_solar.csv -v
  deps:
  - path: data/solar_power.csv
    md5: b1555dcd04577c0d68e40c026e7c4d18
    size: 157555
  - path: data/uscrn_combined.csv
    md5: 98db5313ef969d48caa0f70a30a82772
    size: 25957589
  - path: scripts/gen_weighted_solar.py
    md5: f940a02f5827a16439bc11f6edba8973
    size: 7278
  outs:
  - path: data/weighted_solar.csv
    md5: 8abb96e4fa573ab99345bffbcece427b
    size: 22857608
get_weighted_wind:
  cmd: python scripts/gen_weighted_wind.py data/wind_power.csv data/weighted_wind.csv
    -v
  deps:
  - path: data/wind_power.csv
    md5: bb3f9972f118f4f3e37e0f22a469c257
    size: 53312
  - path: scripts/gen_weighted_wind.py
    md5: 321bb44d833e75a6a2d62310d715cc95
    size: 8309
  outs:
  - path: data/weighted_wind.csv
    md5: 30a179cbb25fdb92a8e7f4958f514deb
    size: 2484842
gen_final_dataframe:
  cmd: python scripts/gen_final_dataframes.py data/weighted_solar.csv data/weighted_wind.csv
    data/esod_data.csv data/final_solar.csv data/final_wind.csv -v
  deps:
  - path: data/esod_data.csv
    md5: dc2aa41940b11e102fca265fe3d31268
    size: 124139453
  - path: data/weighted_solar.csv
    md5: 8abb96e4fa573ab99345bffbcece427b
    size: 22857608
  - path: data/weighted_wind.csv
    md5: 30a179cbb25fdb92a8e7f4958f514deb
    size: 2484842
  - path: scripts/gen_final_dataframes.py
    md5: 87aeb2d29fe5ce7218c6110c6912f05e
    size: 3439
  outs:
  - path: data/final_solar.csv
    md5: 4f9525c8ca43bc19202d541eb6b8b930
    size: 18793981
  - path: data/final_wind.csv
    md5: adb5be948332742053b3c24396e4ccce
    size: 3489415
